# THIS IS AN AUTOGENERATED FILE. DO NOT EDIT THIS FILE DIRECTLY.
# yarn lockfile v1


"@framer/framer.default@^1.91.0":
  version "1.94.0"
  resolved "https://registry.framer.com/@framer/framer.default/-/@framer/framer.default-1.94.0.tgz#48a764f1f991ee6ed387122f14d75209e70cefde"
  integrity sha512-1tonntH19YH9mllPOqwmxF9fCfwODu6K/Go96PSmm8hBTHviJITZqmOrgdeCThXxpqwaGRISxycxUI6taSYS3w==

"@funda/icons@^1.3.0":
  version "1.3.0"
  resolved "https://registry.yarnpkg.com/@funda/icons/-/icons-1.3.0.tgz#89592fba93734bd32df64f88f1cb071ece03e5be"
  integrity sha512-aHAE6p11V79jT+opokd1O23g/Uw4ZmVIxlAPyvGOmTgskFFYQKKNf2e4ypW/YECYy3zqMHfHCwmgjh167Y2jnw==

"@types/prop-types@*":
  version "15.7.0"
  resolved "https://registry.yarnpkg.com/@types/prop-types/-/prop-types-15.7.0.tgz#4c48fed958d6dcf9487195a0ef6456d5f6e0163a"
  integrity sha512-eItQyV43bj4rR3JPV0Skpl1SncRCdziTEK9/v8VwXmV6d/qOUO8/EuWeHBbCZcsfSHfzI5UyMJLCSXtxxznyZg==

"@types/react@^16.14.2":
  version "16.14.2"
  resolved "https://registry.yarnpkg.com/@types/react/-/react-16.14.2.tgz#85dcc0947d0645349923c04ccef6018a1ab7538c"
  integrity sha512-BzzcAlyDxXl2nANlabtT4thtvbbnhee8hMmH/CcJrISDBVcJS1iOsP1f0OAgSdGE0MsY9tqcrb9YoZcOFv9dbQ==
  dependencies:
    "@types/prop-types" "*"
    csstype "^3.0.2"

csstype@^3.0.2:
  version "3.0.4"
  resolved "https://registry.yarnpkg.com/csstype/-/csstype-3.0.4.tgz#b156d7be03b84ff425c9a0a4b1e5f4da9c5ca888"
  integrity sha512-xc8DUsCLmjvCfoD7LTGE0ou2MIWLx0K9RCZwSHMOdynqRsP4MtUcLeqh1HcQ2dInwDTqn+3CE0/FZh1et+p4jA==
