{
	"name": "@framer/funda.result-list",
	"version": "1.12.0",
	"lockfileVersion": 1,
	"requires": true,
	"dependencies": {
		"@framer/aroagb.airtable": {
			"version": "1.5.0"
		},
		"@framer/aroagb.google-sheet-component": {
			"version": "1.3.0",
			"requires": {
				"papaparse": "^5.0.0",
				"react-papaparse": "^1.0.5"
			}
		},
		"@framer/funda.icons": {
			"version": "1.10.0",
			"requires": {
				"@framer/funda.colors": "^1.0.0"
			},
			"dependencies": {
				"@framer/funda.colors": {
					"version": "1.0.0",
					"resolved": "https://registry.framer.com/@framer/funda.colors/-/@framer/funda.colors-1.0.0.tgz",
					"integrity": "sha512-0WFAhd19KRqaFKKrDQAy7d2AwTSjXeH7vOZQcfPp7xRq+WWFy4S0soNU/dcp8K2/Y20CFjvGlokuIMbvDDCDXg=="
				}
			}
		},
		"@types/prop-types": {
			"version": "15.7.0",
			"resolved": "https://registry.npmjs.org/@types/prop-types/-/prop-types-15.7.0.tgz",
			"integrity": "sha512-eItQyV43bj4rR3JPV0Skpl1SncRCdziTEK9/v8VwXmV6d/qOUO8/EuWeHBbCZcsfSHfzI5UyMJLCSXtxxznyZg==",
			"dev": true
		},
		"@types/react": {
			"version": "16.8.4",
			"dev": true,
			"requires": {
				"@types/prop-types": "*",
				"csstype": "^2.2.0"
			}
		},
		"csstype": {
			"version": "2.6.1",
			"resolved": "https://registry.npmjs.org/csstype/-/csstype-2.6.1.tgz",
			"integrity": "sha512-wv7IRqCGsL7WGKB8gPvrl+++HlFM9kxAM6jL1EXNPNTshEJYilMkbfS2SnuHha77uosp/YVK0wAp2jmlBzn1tg==",
			"dev": true
		},
		"papaparse": {
			"version": "5.1.0",
			"resolved": "https://registry.npmjs.org/papaparse/-/papaparse-5.1.0.tgz",
			"integrity": "sha512-3jEYMiCc8qN7V5ffi2BTS2mRauKxCu5AIED6DxbjnHhIm7OY7fzKYkndfPlHWaaKUDCTml5XTU6V+hiuxGlZuw=="
		},
		"react-papaparse": {
			"version": "1.0.5",
			"resolved": "https://registry.npmjs.org/react-papaparse/-/react-papaparse-1.0.5.tgz",
			"integrity": "sha512-aqauXjVCc11JkBTlOQEzAL7ZLC54xGO+4ggAbaHQevCX9+2ICFnuTbWbzBWrBJfb+Bx5qCSs66XEcO+BlflTRA==",
			"requires": {
				"papaparse": "^4.6.2"
			},
			"dependencies": {
				"papaparse": {
					"version": "4.6.3",
					"resolved": "https://registry.npmjs.org/papaparse/-/papaparse-4.6.3.tgz",
					"integrity": "sha512-LRq7BrHC2kHPBYSD50aKuw/B/dGcg29omyJbKWY3KsYUZU69RKwaBHu13jGmCYBtOc4odsLCrFyk6imfyNubJQ=="
				}
			}
		},
		"react-uuid": {
			"version": "1.0.2",
			"resolved": "https://registry.npmjs.org/react-uuid/-/react-uuid-1.0.2.tgz",
			"integrity": "sha512-5e0GM16uuQj9MdRJlZ0GdLC8LKMwpU9PIqYmF27s3fIV2z+rLyASTaiW4aKzSY4DyGanz+ImzsECkftwGWfAwA=="
		}
	}
}
